
Microsoft Visual Studio Solution File, Format Version 12.00
# Visual Studio Version 17
VisualStudioVersion = 17.4.33213.308
MinimumVisualStudioVersion = 10.0.40219.1
Project("{9A19103F-16F7-4668-BE54-9A1E7A4F7556}") = "RACE2.WebApi", "RACE2.WebApi\RACE2.WebApi.csproj", "{06A5332C-630E-4F13-B5B8-F71CCE1C8432}"
EndProject
Project("{9A19103F-16F7-4668-BE54-9A1E7A4F7556}") = "RACE2.DataAccess", "RACE2.DataAccess\RACE2.DataAccess.csproj", "{31187B6D-597F-4867-A5CD-8534FC99CBE5}"
EndProject
Project("{9A19103F-16F7-4668-BE54-9A1E7A4F7556}") = "RACE2.Services", "RACE2.Services\RACE2.Services.csproj", "{C1C76F6E-81F4-457F-8156-133CFF73B827}"
EndProject
Project("{9A19103F-16F7-4668-BE54-9A1E7A4F7556}") = "RACE2.UnitTest", "RACE2.UnitTest\RACE2.UnitTest.csproj", "{F2BB8D1A-2640-49D9-A409-85AAAEE98216}"
EndProject
Project("{9A19103F-16F7-4668-BE54-9A1E7A4F7556}") = "RACE2.DataModel", "RACE2.DataModel\RACE2.DataModel.csproj", "{FBAAF525-92C8-4E3A-9E3E-A240B8805CC8}"
EndProject
Project("{9A19103F-16F7-4668-BE54-9A1E7A4F7556}") = "RACE2.SecurityProvider", "RACE2.SecurityProvider\RACE2.SecurityProvider.csproj", "{A579A09F-E100-4A41-A427-A7874F512529}"
EndProject
Project("{9A19103F-16F7-4668-BE54-9A1E7A4F7556}") = "RACE2.Dto", "RACE2.Dto\RACE2.Dto.csproj", "{A382D5D0-0CE0-455F-91F0-EB6541900A60}"
EndProject
Project("{9A19103F-16F7-4668-BE54-9A1E7A4F7556}") = "RACE2.FrontEnd", "RACE2.FrontEnd\RACE2.FrontEnd.csproj", "{33EEE586-4C44-4BCC-AE83-83BA98BE97C2}"
EndProject
Project("{2150E333-8FDC-42A3-9474-1A3956D46DE8}") = "SharedFiles", "SharedFiles", "{700FD329-25BD-4C96-8FE6-97DEB5370146}"
	ProjectSection(SolutionItems) = preProject
		appsettings.json = appsettings.json
		Dockerfile_FrontEnd = Dockerfile_FrontEnd
		Dockerfile_FrontEndWeb = Dockerfile_FrontEndWeb
		Dockerfile_WebApi = Dockerfile_WebApi
	EndProjectSection
EndProject
Project("{2150E333-8FDC-42A3-9474-1A3956D46DE8}") = "GraphQLCommands", "GraphQLCommands", "{D628ECA6-9B57-4882-A17F-43F61BE0B468}"
	ProjectSection(SolutionItems) = preProject
		GetUser.txt = GetUser.txt
		ValidateUser.txt = ValidateUser.txt
	EndProjectSection
EndProject
Project("{9A19103F-16F7-4668-BE54-9A1E7A4F7556}") = "RACE2.FrontEndWeb", "RACE2.FrontEndWeb\RACE2.FrontEndWeb.csproj", "{29F0C04F-73C0-4340-8017-2E227AC2EE0E}"
EndProject
Global
	GlobalSection(SolutionConfigurationPlatforms) = preSolution
		Debug|Any CPU = Debug|Any CPU
		Release|Any CPU = Release|Any CPU
	EndGlobalSection
	GlobalSection(ProjectConfigurationPlatforms) = postSolution
		{06A5332C-630E-4F13-B5B8-F71CCE1C8432}.Debug|Any CPU.ActiveCfg = Debug|Any CPU
		{06A5332C-630E-4F13-B5B8-F71CCE1C8432}.Debug|Any CPU.Build.0 = Debug|Any CPU
		{06A5332C-630E-4F13-B5B8-F71CCE1C8432}.Release|Any CPU.ActiveCfg = Release|Any CPU
		{06A5332C-630E-4F13-B5B8-F71CCE1C8432}.Release|Any CPU.Build.0 = Release|Any CPU
		{31187B6D-597F-4867-A5CD-8534FC99CBE5}.Debug|Any CPU.ActiveCfg = Debug|Any CPU
		{31187B6D-597F-4867-A5CD-8534FC99CBE5}.Debug|Any CPU.Build.0 = Debug|Any CPU
		{31187B6D-597F-4867-A5CD-8534FC99CBE5}.Release|Any CPU.ActiveCfg = Release|Any CPU
		{31187B6D-597F-4867-A5CD-8534FC99CBE5}.Release|Any CPU.Build.0 = Release|Any CPU
		{C1C76F6E-81F4-457F-8156-133CFF73B827}.Debug|Any CPU.ActiveCfg = Debug|Any CPU
		{C1C76F6E-81F4-457F-8156-133CFF73B827}.Debug|Any CPU.Build.0 = Debug|Any CPU
		{C1C76F6E-81F4-457F-8156-133CFF73B827}.Release|Any CPU.ActiveCfg = Release|Any CPU
		{C1C76F6E-81F4-457F-8156-133CFF73B827}.Release|Any CPU.Build.0 = Release|Any CPU
		{F2BB8D1A-2640-49D9-A409-85AAAEE98216}.Debug|Any CPU.ActiveCfg = Debug|Any CPU
		{F2BB8D1A-2640-49D9-A409-85AAAEE98216}.Debug|Any CPU.Build.0 = Debug|Any CPU
		{F2BB8D1A-2640-49D9-A409-85AAAEE98216}.Release|Any CPU.ActiveCfg = Release|Any CPU
		{F2BB8D1A-2640-49D9-A409-85AAAEE98216}.Release|Any CPU.Build.0 = Release|Any CPU
		{FBAAF525-92C8-4E3A-9E3E-A240B8805CC8}.Debug|Any CPU.ActiveCfg = Debug|Any CPU
		{FBAAF525-92C8-4E3A-9E3E-A240B8805CC8}.Debug|Any CPU.Build.0 = Debug|Any CPU
		{FBAAF525-92C8-4E3A-9E3E-A240B8805CC8}.Release|Any CPU.ActiveCfg = Release|Any CPU
		{FBAAF525-92C8-4E3A-9E3E-A240B8805CC8}.Release|Any CPU.Build.0 = Release|Any CPU
		{A579A09F-E100-4A41-A427-A7874F512529}.Debug|Any CPU.ActiveCfg = Debug|Any CPU
		{A579A09F-E100-4A41-A427-A7874F512529}.Debug|Any CPU.Build.0 = Debug|Any CPU
		{A579A09F-E100-4A41-A427-A7874F512529}.Release|Any CPU.ActiveCfg = Release|Any CPU
		{A579A09F-E100-4A41-A427-A7874F512529}.Release|Any CPU.Build.0 = Release|Any CPU
		{A382D5D0-0CE0-455F-91F0-EB6541900A60}.Debug|Any CPU.ActiveCfg = Debug|Any CPU
		{A382D5D0-0CE0-455F-91F0-EB6541900A60}.Debug|Any CPU.Build.0 = Debug|Any CPU
		{A382D5D0-0CE0-455F-91F0-EB6541900A60}.Release|Any CPU.ActiveCfg = Release|Any CPU
		{A382D5D0-0CE0-455F-91F0-EB6541900A60}.Release|Any CPU.Build.0 = Release|Any CPU
		{33EEE586-4C44-4BCC-AE83-83BA98BE97C2}.Debug|Any CPU.ActiveCfg = Debug|Any CPU
		{33EEE586-4C44-4BCC-AE83-83BA98BE97C2}.Debug|Any CPU.Build.0 = Debug|Any CPU
		{33EEE586-4C44-4BCC-AE83-83BA98BE97C2}.Release|Any CPU.ActiveCfg = Release|Any CPU
		{33EEE586-4C44-4BCC-AE83-83BA98BE97C2}.Release|Any CPU.Build.0 = Release|Any CPU
		{29F0C04F-73C0-4340-8017-2E227AC2EE0E}.Debug|Any CPU.ActiveCfg = Debug|Any CPU
		{29F0C04F-73C0-4340-8017-2E227AC2EE0E}.Debug|Any CPU.Build.0 = Debug|Any CPU
		{29F0C04F-73C0-4340-8017-2E227AC2EE0E}.Release|Any CPU.ActiveCfg = Release|Any CPU
		{29F0C04F-73C0-4340-8017-2E227AC2EE0E}.Release|Any CPU.Build.0 = Release|Any CPU
	EndGlobalSection
	GlobalSection(SolutionProperties) = preSolution
		HideSolutionNode = FALSE
	EndGlobalSection
	GlobalSection(ExtensibilityGlobals) = postSolution
		SolutionGuid = {F77533CC-00C4-40C8-B4AD-4820AB762ECD}
	EndGlobalSection
EndGlobal
