
Microsoft Visual Studio Solution File, Format Version 12.00
# Visual Studio Version 17
VisualStudioVersion = 17.0.31903.59
MinimumVisualStudioVersion = 10.0.40219.1
Project("{9A19103F-16F7-4668-BE54-9A1E7A4F7556}") = "RACE2.Common", "RACE2.Common\RACE2.Common.csproj", "{6DFC67AB-D78F-4ED3-B4D8-10663E08681D}"
EndProject
Project("{9A19103F-16F7-4668-BE54-9A1E7A4F7556}") = "RACE2.Dto", "RACE2.Dto\RACE2.Dto.csproj", "{027543EA-8459-469F-9A02-387CDFBA4F98}"
EndProject
Project("{9A19103F-16F7-4668-BE54-9A1E7A4F7556}") = "RACE2.DataModel", "RACE2.DataModel\RACE2.DataModel.csproj", "{48342648-A78F-4D0C-9E68-116873952825}"
EndProject
Project("{9A19103F-16F7-4668-BE54-9A1E7A4F7556}") = "RACE2.Infrastructure", "RACE2.Infrastructure\RACE2.Infrastructure.csproj", "{179DA388-4A45-46F5-8DD5-F0B072A500DF}"
EndProject
Project("{9A19103F-16F7-4668-BE54-9A1E7A4F7556}") = "RACE2.DatabaseProvider", "RACE2.DatabaseProvider\RACE2.DatabaseProvider.csproj", "{19ECB730-0864-4F7B-A460-57056DE43CE4}"
EndProject
Project("{9A19103F-16F7-4668-BE54-9A1E7A4F7556}") = "RACE2.DataAccess", "RACE2.DataAccess\RACE2.DataAccess.csproj", "{99EFB766-D784-44EC-8324-77E4EB8C1622}"
EndProject
Project("{9A19103F-16F7-4668-BE54-9A1E7A4F7556}") = "RACE2.Logging", "RACE2.Logging\RACE2.Logging.csproj", "{D4E79058-5EAA-453E-A8B9-90F7F8A3A67F}"
EndProject
Project("{9A19103F-16F7-4668-BE54-9A1E7A4F7556}") = "RACE2.Notification", "RACE2.Notification\RACE2.Notification.csproj", "{24AAA4FF-8869-4110-97A9-B3BEA1CA6990}"
EndProject
Project("{9A19103F-16F7-4668-BE54-9A1E7A4F7556}") = "RACE2.UnitTest", "RACE2.UnitTest\RACE2.UnitTest.csproj", "{8C682C13-8D0E-4D3A-A79A-1F22B53C7593}"
EndProject
Project("{9A19103F-16F7-4668-BE54-9A1E7A4F7556}") = "RACE2.Services", "RACE2.Services\RACE2.Services.csproj", "{A7B4999C-209A-4655-80A3-5B9E724B7D03}"
EndProject
Project("{9A19103F-16F7-4668-BE54-9A1E7A4F7556}") = "RACE2.WebApi", "RACE2.WebApi\RACE2.WebApi.csproj", "{89604D85-8A5F-4028-9585-2E537629F1A2}"
EndProject
Project("{9A19103F-16F7-4668-BE54-9A1E7A4F7556}") = "RACE2.FrontEndWebServer", "RACE2.FrontEndWebServer\RACE2.FrontEndWebServer.csproj", "{FB08245B-937A-4241-8476-FBECBDA32647}"
EndProject
Project("{9A19103F-16F7-4668-BE54-9A1E7A4F7556}") = "RACE2.MultipleTriggerAzureFunctionApp", "RACE2VirusCureSqlTriggerFnApp\RACE2.MultipleTriggerAzureFunctionApp.csproj", "{7FE13EE9-D2EE-420C-9907-FA4C762A81B6}"
EndProject
Project("{9A19103F-16F7-4668-BE54-9A1E7A4F7556}") = "RACE2.BackendAPIIntegration", "RACE2.BackendAPIIntegration\RACE2.BackendAPIIntegration.csproj", "{FDDB1596-2EC3-4893-BA27-A1DEC2F2B527}"
EndProject
Project("{9A19103F-16F7-4668-BE54-9A1E7A4F7556}") = "RACE2.GovUK.OneloginAuth", "RACE2.GovUK.OneloginAuth\RACE2.GovUK.OneloginAuth.csproj", "{CCDB00F2-4B64-49A4-BC16-8DE75CE8269D}"
EndProject
Project("{2150E333-8FDC-42A3-9474-1A3956D46DE8}") = "Solution Items", "Solution Items", "{CE3CF53E-4432-4A91-B7D5-284752E08986}"
	ProjectSection(SolutionItems) = preProject
		.dockerignore = .dockerignore
		azcommands.txt = azcommands.txt
		ContainerAppDeployPOC.ps1 = ContainerAppDeployPOC.ps1
		ContainerAppWorkspaceDeployDEV.ps1 = ContainerAppWorkspaceDeployDEV.ps1
		ContainerAppWorkspaceDeployPOC.ps1 = ContainerAppWorkspaceDeployPOC.ps1
		databasecreation.txt = databasecreation.txt
		deploylogAnalyticsWorkspace.yml = deploylogAnalyticsWorkspace.yml
		Dockerfile = Dockerfile
		Dockerfile_BackendAPIIntegration = Dockerfile_BackendAPIIntegration
		Dockerfile_FrontEnd = Dockerfile_FrontEnd
		Dockerfile_FrontEndWeb = Dockerfile_FrontEndWeb
		Dockerfile_FrontEndWebServer = Dockerfile_FrontEndWebServer
		Dockerfile_IdentityProvider = Dockerfile_IdentityProvider
		Dockerfile_RaceUnitTesting = Dockerfile_RaceUnitTesting
		Dockerfile_SecurityProvider = Dockerfile_SecurityProvider
		Dockerfile_WebApi = Dockerfile_WebApi
		FrontEndDeployPOC.ps1 = FrontEndDeployPOC.ps1
		FrontEndWebServerDeployDEV.ps1 = FrontEndWebServerDeployDEV.ps1
		FrontEndWebServerDeployPOC.ps1 = FrontEndWebServerDeployPOC.ps1
		GetUser.txt = GetUser.txt
		SecurtyProviderDeployDEV.ps1 = SecurtyProviderDeployDEV.ps1
		SecurtyProviderDeployPOC.ps1 = SecurtyProviderDeployPOC.ps1
		SecurtyProviderDeployTST.ps1 = SecurtyProviderDeployTST.ps1
		sp_GetActionsListByReservoirId.sql = sp_GetActionsListByReservoirId.sql
		sp_GetAddressForReservoir.sql = sp_GetAddressForReservoir.sql
		sp_GetOrganisationAddressbyId.sql = sp_GetOrganisationAddressbyId.sql
		sp_GetSafetyMeasuresListByReservoirId.sql = sp_GetSafetyMeasuresListByReservoirId.sql
		sp_GetUndertakerforReservoir.sql = sp_GetUndertakerforReservoir.sql
		sp_GetUserByEmailID.sql = sp_GetUserByEmailID.sql
		sp_GetUserWithRoles.sql = sp_GetUserWithRoles.sql
		sp_UpdateFirstTimeUser.sql = sp_UpdateFirstTimeUser.sql
		ValidateUser.txt = ValidateUser.txt
		WebApiDeployDEV.ps1 = WebApiDeployDEV.ps1
		WebApiDeployPOC.ps1 = WebApiDeployPOC.ps1
		WebApiExternalDeployPOC.ps1 = WebApiExternalDeployPOC.ps1
		webapp.istioinaction.io.cert.pem = webapp.istioinaction.io.cert.pem
		webapp.istioinaction.io.key.pem = webapp.istioinaction.io.key.pem
	EndProjectSection
EndProject
Project("{2150E333-8FDC-42A3-9474-1A3956D46DE8}") = "bicepfiles", "bicepfiles", "{405EE6B7-80FA-4A0A-9638-75EEAD9945A2}"
	ProjectSection(SolutionItems) = preProject
		bicepfiles\createAllContainerApps.bicep = bicepfiles\createAllContainerApps.bicep
		bicepfiles\createAllContainerAppPOC.bicep = bicepfiles\createAllContainerAppPOC.bicep
		bicepfiles\createAllContainerAppsDEV.bicepparam = bicepfiles\createAllContainerAppsDEV.bicepparam
		bicepfiles\createAllContainerAppsPOC.bicepparam = bicepfiles\createAllContainerAppsPOC.bicepparam
		bicepfiles\createAllContainerApps_original.bicep = bicepfiles\createAllContainerApps_original.bicep
		bicepfiles\createallresources copy 2.bicep = bicepfiles\createallresources copy 2.bicep
		bicepfiles\createallresources copy.bicep = bicepfiles\createallresources copy.bicep
		bicepfiles\createallresources.bicep = bicepfiles\createallresources.bicep
		bicepfiles\createallresourcesDEV.bicepparam = bicepfiles\createallresourcesDEV.bicepparam
		bicepfiles\createallresourcesPOC.bicepparam = bicepfiles\createallresourcesPOC.bicepparam
		bicepfiles\createallresourcesPOC2.bicepparam = bicepfiles\createallresourcesPOC2.bicepparam
		bicepfiles\createallresourcesPRD.bicepparam = bicepfiles\createallresourcesPRD.bicepparam
		bicepfiles\createallresourcesTST.bicepparam = bicepfiles\createallresourcesTST.bicepparam
		bicepfiles\createappconfig.bicep = bicepfiles\createappconfig.bicep
		bicepfiles\createappinsight.bicep = bicepfiles\createappinsight.bicep
		bicepfiles\createappserviceplan.bicep = bicepfiles\createappserviceplan.bicep
		bicepfiles\createappworkspace.bicep = bicepfiles\createappworkspace.bicep
		bicepfiles\createbackendapiintegrationcontainerapp.bicep = bicepfiles\createbackendapiintegrationcontainerapp.bicep
		bicepfiles\createcontainerapp.bicep = bicepfiles\createcontainerapp.bicep
		bicepfiles\createcontainerappenv.bicep = bicepfiles\createcontainerappenv.bicep
		bicepfiles\createcontainerappenv.bicepparam = bicepfiles\createcontainerappenv.bicepparam
		bicepfiles\createcontainerapps.bicep = bicepfiles\createcontainerapps.bicep
		bicepfiles\createcontainerapp_original.bicep = bicepfiles\createcontainerapp_original.bicep
		bicepfiles\createcontainerregistry.bicep = bicepfiles\createcontainerregistry.bicep
		bicepfiles\createeventgridtopic.bicep = bicepfiles\createeventgridtopic.bicep
		bicepfiles\createeventgridtopic_prd.bicepparam = bicepfiles\createeventgridtopic_prd.bicepparam
		bicepfiles\createfrontendcontainerapp.bicep = bicepfiles\createfrontendcontainerapp.bicep
		bicepfiles\createfrontendwebcontainerapp.bicep = bicepfiles\createfrontendwebcontainerapp.bicep
		bicepfiles\createfrontendwebservercontainerapp.bicep = bicepfiles\createfrontendwebservercontainerapp.bicep
		bicepfiles\createfunctionapp.bicep = bicepfiles\createfunctionapp.bicep
		bicepfiles\createfunctionapp_dev.bicepparam = bicepfiles\createfunctionapp_dev.bicepparam
		bicepfiles\createfunctionapp_poc.bicepparam = bicepfiles\createfunctionapp_poc.bicepparam
		bicepfiles\createfunctionapp_prd.bicepparam = bicepfiles\createfunctionapp_prd.bicepparam
		bicepfiles\createfunctionapp_tst.bicepparam = bicepfiles\createfunctionapp_tst.bicepparam
		bicepfiles\createkeyvault.bicep = bicepfiles\createkeyvault.bicep
		bicepfiles\createkeyvault_prd.bicepparam = bicepfiles\createkeyvault_prd.bicepparam
		bicepfiles\createmanagedidentity.bicep = bicepfiles\createmanagedidentity.bicep
		bicepfiles\createprivateendpointswithvnet.bicep = bicepfiles\createprivateendpointswithvnet.bicep
		bicepfiles\createprivateendpointswithvnet_prd.bicepparam = bicepfiles\createprivateendpointswithvnet_prd.bicepparam
		bicepfiles\createresourcegroup.bicep = bicepfiles\createresourcegroup.bicep
		bicepfiles\createroleassignments copy.bicep = bicepfiles\createroleassignments copy.bicep
		bicepfiles\createroleassignments.bicep = bicepfiles\createroleassignments.bicep
		bicepfiles\createroleassignments_poc2.bicepparam = bicepfiles\createroleassignments_poc2.bicepparam
		bicepfiles\createroleassignments_prd.bicepparam = bicepfiles\createroleassignments_prd.bicepparam
		bicepfiles\createSecretsKeysBlobs.bicep = bicepfiles\createSecretsKeysBlobs.bicep
		bicepfiles\createSecretsKeysBlobsDEV.bicepparam = bicepfiles\createSecretsKeysBlobsDEV.bicepparam
		bicepfiles\createSecretsKeysBlobsPOC.bicepparam = bicepfiles\createSecretsKeysBlobsPOC.bicepparam
		bicepfiles\createSecretsKeysBlobsPOC2.bicepparam = bicepfiles\createSecretsKeysBlobsPOC2.bicepparam
		bicepfiles\createSecretsKeysBlobsPRD.bicepparam = bicepfiles\createSecretsKeysBlobsPRD.bicepparam
		bicepfiles\createSecretsKeysBlobsTST.bicepparam = bicepfiles\createSecretsKeysBlobsTST.bicepparam
		bicepfiles\createsecurityprovidercontainerapp.bicep = bicepfiles\createsecurityprovidercontainerapp.bicep
		bicepfiles\createservicebus.bicep = bicepfiles\createservicebus.bicep
		bicepfiles\createsqlserver.bicep = bicepfiles\createsqlserver.bicep
		bicepfiles\createsqlserver.bicepparam = bicepfiles\createsqlserver.bicepparam
		bicepfiles\createstorageaccount copy.bicep = bicepfiles\createstorageaccount copy.bicep
		bicepfiles\createstorageaccount.bicep = bicepfiles\createstorageaccount.bicep
		bicepfiles\createvnet copy.bicep = bicepfiles\createvnet copy.bicep
		bicepfiles\createvnet.bicep = bicepfiles\createvnet.bicep
		bicepfiles\createvnet.bicepparam = bicepfiles\createvnet.bicepparam
		bicepfiles\createwebapicontainerapp.bicep = bicepfiles\createwebapicontainerapp.bicep
		bicepfiles\createwebapiexternalcontainerapp.bicep = bicepfiles\createwebapiexternalcontainerapp.bicep
		bicepfiles\key-value-pairs.json = bicepfiles\key-value-pairs.json
		bicepfiles\test.bicep = bicepfiles\test.bicep
	EndProjectSection
EndProject
Project("{2150E333-8FDC-42A3-9474-1A3956D46DE8}") = "DeploymentYamlFiles", "DeploymentYamlFiles", "{C38A9020-A2FF-4CFF-A0A1-67F5E58D51E3}"
	ProjectSection(SolutionItems) = preProject
		DeploymentYamlFiles\Add-AdAppRegistrations.ps1 = DeploymentYamlFiles\Add-AdAppRegistrations.ps1
		DeploymentYamlFiles\deployAllContainerAppsDEV.yml = DeploymentYamlFiles\deployAllContainerAppsDEV.yml
		DeploymentYamlFiles\deployAllContainerAppsParametersDEV.json = DeploymentYamlFiles\deployAllContainerAppsParametersDEV.json
		DeploymentYamlFiles\deployAllContainerAppsParametersPOC.json = DeploymentYamlFiles\deployAllContainerAppsParametersPOC.json
		DeploymentYamlFiles\deployAllContainerAppsParametersPOCNew.json = DeploymentYamlFiles\deployAllContainerAppsParametersPOCNew.json
		DeploymentYamlFiles\deployAllContainerAppsParametersPOCOld.json = DeploymentYamlFiles\deployAllContainerAppsParametersPOCOld.json
		DeploymentYamlFiles\deployAllContainerAppsParametersPRD.json = DeploymentYamlFiles\deployAllContainerAppsParametersPRD.json
		DeploymentYamlFiles\deployAllContainerAppsParametersTST.json = DeploymentYamlFiles\deployAllContainerAppsParametersTST.json
		DeploymentYamlFiles\deployAllContainerAppsPOC.yml = DeploymentYamlFiles\deployAllContainerAppsPOC.yml
		DeploymentYamlFiles\deployAllContainerAppsPOCNew.yml = DeploymentYamlFiles\deployAllContainerAppsPOCNew.yml
		DeploymentYamlFiles\deployAllContainerAppsPOCOld.yml = DeploymentYamlFiles\deployAllContainerAppsPOCOld.yml
		DeploymentYamlFiles\deployAllContainerAppsPRD.yml = DeploymentYamlFiles\deployAllContainerAppsPRD.yml
		DeploymentYamlFiles\deployAllContainerAppsTST.yml = DeploymentYamlFiles\deployAllContainerAppsTST.yml
		DeploymentYamlFiles\deployAllResourcesDEV.yml = DeploymentYamlFiles\deployAllResourcesDEV.yml
		DeploymentYamlFiles\deployAllResourcesParametersDEV.json = DeploymentYamlFiles\deployAllResourcesParametersDEV.json
		DeploymentYamlFiles\deployAllResourcesParametersPOC.json = DeploymentYamlFiles\deployAllResourcesParametersPOC.json
		DeploymentYamlFiles\deployAllResourcesParametersPOC2.json = DeploymentYamlFiles\deployAllResourcesParametersPOC2.json
		DeploymentYamlFiles\deployAllResourcesParametersPRD.json = DeploymentYamlFiles\deployAllResourcesParametersPRD.json
		DeploymentYamlFiles\deployAllResourcesParametersTST.json = DeploymentYamlFiles\deployAllResourcesParametersTST.json
		DeploymentYamlFiles\deployAllResourcesPOC.yml = DeploymentYamlFiles\deployAllResourcesPOC.yml
		DeploymentYamlFiles\deployAllResourcesPOC2.yml = DeploymentYamlFiles\deployAllResourcesPOC2.yml
		DeploymentYamlFiles\deployAllResourcesPRD.yml = DeploymentYamlFiles\deployAllResourcesPRD.yml
		DeploymentYamlFiles\deployAllResourcesTST.yml = DeploymentYamlFiles\deployAllResourcesTST.yml
		DeploymentYamlFiles\deployAllSecretsKeysBlobsTST.json = DeploymentYamlFiles\deployAllSecretsKeysBlobsTST.json
		DeploymentYamlFiles\deployAppConfig.yml = DeploymentYamlFiles\deployAppConfig.yml
		DeploymentYamlFiles\deployAppInsight.yml = DeploymentYamlFiles\deployAppInsight.yml
		DeploymentYamlFiles\deployContainerAppEnv.yml = DeploymentYamlFiles\deployContainerAppEnv.yml
		DeploymentYamlFiles\deployContainerAppEnvParameters.json = DeploymentYamlFiles\deployContainerAppEnvParameters.json
		DeploymentYamlFiles\deployContainerApps.yml = DeploymentYamlFiles\deployContainerApps.yml
		deployContainerAppsPOCParameter.json = deployContainerAppsPOCParameter.json
		DeploymentYamlFiles\deployContainerRegistry.yml = DeploymentYamlFiles\deployContainerRegistry.yml
		DeploymentYamlFiles\deployDatabaseMigrationBuild.yml = DeploymentYamlFiles\deployDatabaseMigrationBuild.yml
		DeploymentYamlFiles\deployEventGridTopic.yml = DeploymentYamlFiles\deployEventGridTopic.yml
		DeploymentYamlFiles\deployFrontEndContainerApp.yml = DeploymentYamlFiles\deployFrontEndContainerApp.yml
		DeploymentYamlFiles\deployFunctionAppPRD.yml = DeploymentYamlFiles\deployFunctionAppPRD.yml
		DeploymentYamlFiles\deployKeyVault.yml = DeploymentYamlFiles\deployKeyVault.yml
		DeploymentYamlFiles\deploylogAnalyticsWorkspace.yml = DeploymentYamlFiles\deploylogAnalyticsWorkspace.yml
		DeploymentYamlFiles\deployManagedIdentity.yml = DeploymentYamlFiles\deployManagedIdentity.yml
		DeploymentYamlFiles\deployPrivateendpointswithvnet_PRD.yml = DeploymentYamlFiles\deployPrivateendpointswithvnet_PRD.yml
		DeploymentYamlFiles\DeployResourceGroup.yml = DeploymentYamlFiles\DeployResourceGroup.yml
		DeploymentYamlFiles\deployRoleAssignmentsDEV.yml = DeploymentYamlFiles\deployRoleAssignmentsDEV.yml
		DeploymentYamlFiles\deployRoleAssignmentsPOC.yml = DeploymentYamlFiles\deployRoleAssignmentsPOC.yml
		DeploymentYamlFiles\deployRoleAssignmentsPOC2.yml = DeploymentYamlFiles\deployRoleAssignmentsPOC2.yml
		DeploymentYamlFiles\deployRoleAssignmentsPRD.yml = DeploymentYamlFiles\deployRoleAssignmentsPRD.yml
		DeploymentYamlFiles\deployRoleAssignmentsTST.yml = DeploymentYamlFiles\deployRoleAssignmentsTST.yml
		DeploymentYamlFiles\deploySecretsKeysBlobsDEV.yml = DeploymentYamlFiles\deploySecretsKeysBlobsDEV.yml
		DeploymentYamlFiles\deploySecretsKeysBlobsPOC.yml = DeploymentYamlFiles\deploySecretsKeysBlobsPOC.yml
		DeploymentYamlFiles\deploySecretsKeysBlobsPOC2.yml = DeploymentYamlFiles\deploySecretsKeysBlobsPOC2.yml
		DeploymentYamlFiles\deploySecretsKeysBlobsPRD.yml = DeploymentYamlFiles\deploySecretsKeysBlobsPRD.yml
		DeploymentYamlFiles\deploySecretsKeysBlobsTST.yml = DeploymentYamlFiles\deploySecretsKeysBlobsTST.yml
		DeploymentYamlFiles\deploySecurityProviderContainerApp.yml = DeploymentYamlFiles\deploySecurityProviderContainerApp.yml
		DeploymentYamlFiles\deployServiceBus.yml = DeploymentYamlFiles\deployServiceBus.yml
		deploySolutionPEPOC.yml = deploySolutionPEPOC.yml
		DeploymentYamlFiles\deploySqlServer.yml = DeploymentYamlFiles\deploySqlServer.yml
		DeploymentYamlFiles\deployStorageAccount.yml = DeploymentYamlFiles\deployStorageAccount.yml
		DeploymentYamlFiles\deployVnet.yml = DeploymentYamlFiles\deployVnet.yml
		DeploymentYamlFiles\deployWebApiContainerApp.yml = DeploymentYamlFiles\deployWebApiContainerApp.yml
		DeploymentYamlFiles\manifest.json = DeploymentYamlFiles\manifest.json
	EndProjectSection
EndProject
Global
	GlobalSection(SolutionConfigurationPlatforms) = preSolution
		Debug|Any CPU = Debug|Any CPU
		Release|Any CPU = Release|Any CPU
	EndGlobalSection
	GlobalSection(ProjectConfigurationPlatforms) = postSolution
		{6DFC67AB-D78F-4ED3-B4D8-10663E08681D}.Debug|Any CPU.ActiveCfg = Debug|Any CPU
		{6DFC67AB-D78F-4ED3-B4D8-10663E08681D}.Debug|Any CPU.Build.0 = Debug|Any CPU
		{6DFC67AB-D78F-4ED3-B4D8-10663E08681D}.Release|Any CPU.ActiveCfg = Release|Any CPU
		{6DFC67AB-D78F-4ED3-B4D8-10663E08681D}.Release|Any CPU.Build.0 = Release|Any CPU
		{027543EA-8459-469F-9A02-387CDFBA4F98}.Debug|Any CPU.ActiveCfg = Debug|Any CPU
		{027543EA-8459-469F-9A02-387CDFBA4F98}.Debug|Any CPU.Build.0 = Debug|Any CPU
		{027543EA-8459-469F-9A02-387CDFBA4F98}.Release|Any CPU.ActiveCfg = Release|Any CPU
		{027543EA-8459-469F-9A02-387CDFBA4F98}.Release|Any CPU.Build.0 = Release|Any CPU
		{48342648-A78F-4D0C-9E68-116873952825}.Debug|Any CPU.ActiveCfg = Debug|Any CPU
		{48342648-A78F-4D0C-9E68-116873952825}.Debug|Any CPU.Build.0 = Debug|Any CPU
		{48342648-A78F-4D0C-9E68-116873952825}.Release|Any CPU.ActiveCfg = Release|Any CPU
		{48342648-A78F-4D0C-9E68-116873952825}.Release|Any CPU.Build.0 = Release|Any CPU
		{179DA388-4A45-46F5-8DD5-F0B072A500DF}.Debug|Any CPU.ActiveCfg = Debug|Any CPU
		{179DA388-4A45-46F5-8DD5-F0B072A500DF}.Debug|Any CPU.Build.0 = Debug|Any CPU
		{179DA388-4A45-46F5-8DD5-F0B072A500DF}.Release|Any CPU.ActiveCfg = Release|Any CPU
		{179DA388-4A45-46F5-8DD5-F0B072A500DF}.Release|Any CPU.Build.0 = Release|Any CPU
		{19ECB730-0864-4F7B-A460-57056DE43CE4}.Debug|Any CPU.ActiveCfg = Debug|Any CPU
		{19ECB730-0864-4F7B-A460-57056DE43CE4}.Debug|Any CPU.Build.0 = Debug|Any CPU
		{19ECB730-0864-4F7B-A460-57056DE43CE4}.Release|Any CPU.ActiveCfg = Release|Any CPU
		{19ECB730-0864-4F7B-A460-57056DE43CE4}.Release|Any CPU.Build.0 = Release|Any CPU
		{99EFB766-D784-44EC-8324-77E4EB8C1622}.Debug|Any CPU.ActiveCfg = Debug|Any CPU
		{99EFB766-D784-44EC-8324-77E4EB8C1622}.Debug|Any CPU.Build.0 = Debug|Any CPU
		{99EFB766-D784-44EC-8324-77E4EB8C1622}.Release|Any CPU.ActiveCfg = Release|Any CPU
		{99EFB766-D784-44EC-8324-77E4EB8C1622}.Release|Any CPU.Build.0 = Release|Any CPU
		{D4E79058-5EAA-453E-A8B9-90F7F8A3A67F}.Debug|Any CPU.ActiveCfg = Debug|Any CPU
		{D4E79058-5EAA-453E-A8B9-90F7F8A3A67F}.Debug|Any CPU.Build.0 = Debug|Any CPU
		{D4E79058-5EAA-453E-A8B9-90F7F8A3A67F}.Release|Any CPU.ActiveCfg = Release|Any CPU
		{D4E79058-5EAA-453E-A8B9-90F7F8A3A67F}.Release|Any CPU.Build.0 = Release|Any CPU
		{24AAA4FF-8869-4110-97A9-B3BEA1CA6990}.Debug|Any CPU.ActiveCfg = Debug|Any CPU
		{24AAA4FF-8869-4110-97A9-B3BEA1CA6990}.Debug|Any CPU.Build.0 = Debug|Any CPU
		{24AAA4FF-8869-4110-97A9-B3BEA1CA6990}.Release|Any CPU.ActiveCfg = Release|Any CPU
		{24AAA4FF-8869-4110-97A9-B3BEA1CA6990}.Release|Any CPU.Build.0 = Release|Any CPU
		{8C682C13-8D0E-4D3A-A79A-1F22B53C7593}.Debug|Any CPU.ActiveCfg = Debug|Any CPU
		{8C682C13-8D0E-4D3A-A79A-1F22B53C7593}.Debug|Any CPU.Build.0 = Debug|Any CPU
		{8C682C13-8D0E-4D3A-A79A-1F22B53C7593}.Release|Any CPU.ActiveCfg = Release|Any CPU
		{8C682C13-8D0E-4D3A-A79A-1F22B53C7593}.Release|Any CPU.Build.0 = Release|Any CPU
		{A7B4999C-209A-4655-80A3-5B9E724B7D03}.Debug|Any CPU.ActiveCfg = Debug|Any CPU
		{A7B4999C-209A-4655-80A3-5B9E724B7D03}.Debug|Any CPU.Build.0 = Debug|Any CPU
		{A7B4999C-209A-4655-80A3-5B9E724B7D03}.Release|Any CPU.ActiveCfg = Release|Any CPU
		{A7B4999C-209A-4655-80A3-5B9E724B7D03}.Release|Any CPU.Build.0 = Release|Any CPU
		{89604D85-8A5F-4028-9585-2E537629F1A2}.Debug|Any CPU.ActiveCfg = Debug|Any CPU
		{89604D85-8A5F-4028-9585-2E537629F1A2}.Debug|Any CPU.Build.0 = Debug|Any CPU
		{89604D85-8A5F-4028-9585-2E537629F1A2}.Release|Any CPU.ActiveCfg = Release|Any CPU
		{89604D85-8A5F-4028-9585-2E537629F1A2}.Release|Any CPU.Build.0 = Release|Any CPU
		{FB08245B-937A-4241-8476-FBECBDA32647}.Debug|Any CPU.ActiveCfg = Debug|Any CPU
		{FB08245B-937A-4241-8476-FBECBDA32647}.Debug|Any CPU.Build.0 = Debug|Any CPU
		{FB08245B-937A-4241-8476-FBECBDA32647}.Release|Any CPU.ActiveCfg = Release|Any CPU
		{FB08245B-937A-4241-8476-FBECBDA32647}.Release|Any CPU.Build.0 = Release|Any CPU
		{7FE13EE9-D2EE-420C-9907-FA4C762A81B6}.Debug|Any CPU.ActiveCfg = Debug|Any CPU
		{7FE13EE9-D2EE-420C-9907-FA4C762A81B6}.Debug|Any CPU.Build.0 = Debug|Any CPU
		{7FE13EE9-D2EE-420C-9907-FA4C762A81B6}.Release|Any CPU.ActiveCfg = Release|Any CPU
		{7FE13EE9-D2EE-420C-9907-FA4C762A81B6}.Release|Any CPU.Build.0 = Release|Any CPU
		{FDDB1596-2EC3-4893-BA27-A1DEC2F2B527}.Debug|Any CPU.ActiveCfg = Debug|Any CPU
		{FDDB1596-2EC3-4893-BA27-A1DEC2F2B527}.Debug|Any CPU.Build.0 = Debug|Any CPU
		{FDDB1596-2EC3-4893-BA27-A1DEC2F2B527}.Release|Any CPU.ActiveCfg = Release|Any CPU
		{FDDB1596-2EC3-4893-BA27-A1DEC2F2B527}.Release|Any CPU.Build.0 = Release|Any CPU
		{CCDB00F2-4B64-49A4-BC16-8DE75CE8269D}.Debug|Any CPU.ActiveCfg = Debug|Any CPU
		{CCDB00F2-4B64-49A4-BC16-8DE75CE8269D}.Debug|Any CPU.Build.0 = Debug|Any CPU
		{CCDB00F2-4B64-49A4-BC16-8DE75CE8269D}.Release|Any CPU.ActiveCfg = Release|Any CPU
		{CCDB00F2-4B64-49A4-BC16-8DE75CE8269D}.Release|Any CPU.Build.0 = Release|Any CPU
	EndGlobalSection
	GlobalSection(SolutionProperties) = preSolution
		HideSolutionNode = FALSE
	EndGlobalSection
	GlobalSection(ExtensibilityGlobals) = postSolution
		SolutionGuid = {9D2F6A07-8D6F-4461-9B78-BB6FB03F99B8}
	EndGlobalSection
EndGlobal
