
Microsoft Visual Studio Solution File, Format Version 12.00
# Visual Studio Version 17
VisualStudioVersion = 17.0.31903.59
MinimumVisualStudioVersion = 10.0.40219.1
Project("{9A19103F-16F7-4668-BE54-9A1E7A4F7556}") = "RACE2.Common", "RACE2.Common\RACE2.Common.csproj", "{6DFC67AB-D78F-4ED3-B4D8-10663E08681D}"
EndProject
Project("{9A19103F-16F7-4668-BE54-9A1E7A4F7556}") = "RACE2.Dto", "RACE2.Dto\RACE2.Dto.csproj", "{027543EA-8459-469F-9A02-387CDFBA4F98}"
EndProject
Project("{9A19103F-16F7-4668-BE54-9A1E7A4F7556}") = "RACE2.DataModel", "RACE2.DataModel\RACE2.DataModel.csproj", "{48342648-A78F-4D0C-9E68-116873952825}"
EndProject
Project("{9A19103F-16F7-4668-BE54-9A1E7A4F7556}") = "RACE2.Infrastructure", "RACE2.Infrastructure\RACE2.Infrastructure.csproj", "{179DA388-4A45-46F5-8DD5-F0B072A500DF}"
EndProject
Project("{9A19103F-16F7-4668-BE54-9A1E7A4F7556}") = "RACE2.DatabaseProvider", "RACE2.DatabaseProvider\RACE2.DatabaseProvider.csproj", "{19ECB730-0864-4F7B-A460-57056DE43CE4}"
EndProject
Project("{9A19103F-16F7-4668-BE54-9A1E7A4F7556}") = "RACE2.DataAccess", "RACE2.DataAccess\RACE2.DataAccess.csproj", "{99EFB766-D784-44EC-8324-77E4EB8C1622}"
EndProject
Project("{9A19103F-16F7-4668-BE54-9A1E7A4F7556}") = "RACE2.Logging", "RACE2.Logging\RACE2.Logging.csproj", "{D4E79058-5EAA-453E-A8B9-90F7F8A3A67F}"
EndProject
Project("{9A19103F-16F7-4668-BE54-9A1E7A4F7556}") = "RACE2.Notification", "RACE2.Notification\RACE2.Notification.csproj", "{24AAA4FF-8869-4110-97A9-B3BEA1CA6990}"
EndProject
Project("{9A19103F-16F7-4668-BE54-9A1E7A4F7556}") = "RACE2.UnitTest", "RACE2.UnitTest\RACE2.UnitTest.csproj", "{8C682C13-8D0E-4D3A-A79A-1F22B53C7593}"
EndProject
Project("{9A19103F-16F7-4668-BE54-9A1E7A4F7556}") = "RACE2.Services", "RACE2.Services\RACE2.Services.csproj", "{A7B4999C-209A-4655-80A3-5B9E724B7D03}"
EndProject
Project("{9A19103F-16F7-4668-BE54-9A1E7A4F7556}") = "RACE2.WebApi", "RACE2.WebApi\RACE2.WebApi.csproj", "{89604D85-8A5F-4028-9585-2E537629F1A2}"
EndProject
Project("{9A19103F-16F7-4668-BE54-9A1E7A4F7556}") = "RACE2.WebApiExternal", "RACE2.WebApiExternal\RACE2.WebApiExternal.csproj", "{429D83DC-5920-43A8-BA0C-F1E96485D84C}"
EndProject
Project("{9A19103F-16F7-4668-BE54-9A1E7A4F7556}") = "RACE2.FrontEndWebServer", "RACE2.FrontEndWebServer\RACE2.FrontEndWebServer.csproj", "{FB08245B-937A-4241-8476-FBECBDA32647}"
EndProject
Project("{9A19103F-16F7-4668-BE54-9A1E7A4F7556}") = "RACE2.MultipleTriggerAzureFunctionApp", "RACE2VirusCureSqlTriggerFnApp\RACE2.MultipleTriggerAzureFunctionApp.csproj", "{7FE13EE9-D2EE-420C-9907-FA4C762A81B6}"
EndProject
Project("{9A19103F-16F7-4668-BE54-9A1E7A4F7556}") = "RACE2.BackendAPIIntegration", "RACE2.BackendAPIIntegration\RACE2.BackendAPIIntegration.csproj", "{FDDB1596-2EC3-4893-BA27-A1DEC2F2B527}"
EndProject
Project("{9A19103F-16F7-4668-BE54-9A1E7A4F7556}") = "RACE2.AzFnAppWithMultiTriggeredFunctions", "RACE2.AzFnAppWithMultiTriggeredFunctions\RACE2.AzFnAppWithMultiTriggeredFunctions.csproj", "{12DD928D-4763-41B0-AADF-509EF3D08594}"
EndProject
Project("{9A19103F-16F7-4668-BE54-9A1E7A4F7556}") = "RACE2.BackendIntegrationAPI", "RACE2.BackendIntegrationAPI\RACE2.BackendIntegrationAPI.csproj", "{D40BE9E4-D49B-45E9-97EE-0EA243707363}"
EndProject
Project("{9A19103F-16F7-4668-BE54-9A1E7A4F7556}") = "RACE2.SecurityProvider", "RACE2.SecurityProvider\RACE2.SecurityProvider.csproj", "{22216E3D-2951-4C1C-BBF2-4F71F6425E53}"
EndProject
Project("{9A19103F-16F7-4668-BE54-9A1E7A4F7556}") = "RACE2.GovUK.OneloginAuth", "RACE2.GovUK.OneloginAuth\RACE2.GovUK.OneloginAuth.csproj", "{F6F3283A-C665-46D7-AECC-D716DEA10EF9}"
EndProject
Global
	GlobalSection(SolutionConfigurationPlatforms) = preSolution
		Debug|Any CPU = Debug|Any CPU
		Release|Any CPU = Release|Any CPU
	EndGlobalSection
	GlobalSection(ProjectConfigurationPlatforms) = postSolution
		{6DFC67AB-D78F-4ED3-B4D8-10663E08681D}.Debug|Any CPU.ActiveCfg = Debug|Any CPU
		{6DFC67AB-D78F-4ED3-B4D8-10663E08681D}.Debug|Any CPU.Build.0 = Debug|Any CPU
		{6DFC67AB-D78F-4ED3-B4D8-10663E08681D}.Release|Any CPU.ActiveCfg = Release|Any CPU
		{6DFC67AB-D78F-4ED3-B4D8-10663E08681D}.Release|Any CPU.Build.0 = Release|Any CPU
		{027543EA-8459-469F-9A02-387CDFBA4F98}.Debug|Any CPU.ActiveCfg = Debug|Any CPU
		{027543EA-8459-469F-9A02-387CDFBA4F98}.Debug|Any CPU.Build.0 = Debug|Any CPU
		{027543EA-8459-469F-9A02-387CDFBA4F98}.Release|Any CPU.ActiveCfg = Release|Any CPU
		{027543EA-8459-469F-9A02-387CDFBA4F98}.Release|Any CPU.Build.0 = Release|Any CPU
		{48342648-A78F-4D0C-9E68-116873952825}.Debug|Any CPU.ActiveCfg = Debug|Any CPU
		{48342648-A78F-4D0C-9E68-116873952825}.Debug|Any CPU.Build.0 = Debug|Any CPU
		{48342648-A78F-4D0C-9E68-116873952825}.Release|Any CPU.ActiveCfg = Release|Any CPU
		{48342648-A78F-4D0C-9E68-116873952825}.Release|Any CPU.Build.0 = Release|Any CPU
		{179DA388-4A45-46F5-8DD5-F0B072A500DF}.Debug|Any CPU.ActiveCfg = Debug|Any CPU
		{179DA388-4A45-46F5-8DD5-F0B072A500DF}.Debug|Any CPU.Build.0 = Debug|Any CPU
		{179DA388-4A45-46F5-8DD5-F0B072A500DF}.Release|Any CPU.ActiveCfg = Release|Any CPU
		{179DA388-4A45-46F5-8DD5-F0B072A500DF}.Release|Any CPU.Build.0 = Release|Any CPU
		{19ECB730-0864-4F7B-A460-57056DE43CE4}.Debug|Any CPU.ActiveCfg = Debug|Any CPU
		{19ECB730-0864-4F7B-A460-57056DE43CE4}.Debug|Any CPU.Build.0 = Debug|Any CPU
		{19ECB730-0864-4F7B-A460-57056DE43CE4}.Release|Any CPU.ActiveCfg = Release|Any CPU
		{19ECB730-0864-4F7B-A460-57056DE43CE4}.Release|Any CPU.Build.0 = Release|Any CPU
		{99EFB766-D784-44EC-8324-77E4EB8C1622}.Debug|Any CPU.ActiveCfg = Debug|Any CPU
		{99EFB766-D784-44EC-8324-77E4EB8C1622}.Debug|Any CPU.Build.0 = Debug|Any CPU
		{99EFB766-D784-44EC-8324-77E4EB8C1622}.Release|Any CPU.ActiveCfg = Release|Any CPU
		{99EFB766-D784-44EC-8324-77E4EB8C1622}.Release|Any CPU.Build.0 = Release|Any CPU
		{D4E79058-5EAA-453E-A8B9-90F7F8A3A67F}.Debug|Any CPU.ActiveCfg = Debug|Any CPU
		{D4E79058-5EAA-453E-A8B9-90F7F8A3A67F}.Debug|Any CPU.Build.0 = Debug|Any CPU
		{D4E79058-5EAA-453E-A8B9-90F7F8A3A67F}.Release|Any CPU.ActiveCfg = Release|Any CPU
		{D4E79058-5EAA-453E-A8B9-90F7F8A3A67F}.Release|Any CPU.Build.0 = Release|Any CPU
		{24AAA4FF-8869-4110-97A9-B3BEA1CA6990}.Debug|Any CPU.ActiveCfg = Debug|Any CPU
		{24AAA4FF-8869-4110-97A9-B3BEA1CA6990}.Debug|Any CPU.Build.0 = Debug|Any CPU
		{24AAA4FF-8869-4110-97A9-B3BEA1CA6990}.Release|Any CPU.ActiveCfg = Release|Any CPU
		{24AAA4FF-8869-4110-97A9-B3BEA1CA6990}.Release|Any CPU.Build.0 = Release|Any CPU
		{8C682C13-8D0E-4D3A-A79A-1F22B53C7593}.Debug|Any CPU.ActiveCfg = Debug|Any CPU
		{8C682C13-8D0E-4D3A-A79A-1F22B53C7593}.Debug|Any CPU.Build.0 = Debug|Any CPU
		{8C682C13-8D0E-4D3A-A79A-1F22B53C7593}.Release|Any CPU.ActiveCfg = Release|Any CPU
		{8C682C13-8D0E-4D3A-A79A-1F22B53C7593}.Release|Any CPU.Build.0 = Release|Any CPU
		{A7B4999C-209A-4655-80A3-5B9E724B7D03}.Debug|Any CPU.ActiveCfg = Debug|Any CPU
		{A7B4999C-209A-4655-80A3-5B9E724B7D03}.Debug|Any CPU.Build.0 = Debug|Any CPU
		{A7B4999C-209A-4655-80A3-5B9E724B7D03}.Release|Any CPU.ActiveCfg = Release|Any CPU
		{A7B4999C-209A-4655-80A3-5B9E724B7D03}.Release|Any CPU.Build.0 = Release|Any CPU
		{89604D85-8A5F-4028-9585-2E537629F1A2}.Debug|Any CPU.ActiveCfg = Debug|Any CPU
		{89604D85-8A5F-4028-9585-2E537629F1A2}.Debug|Any CPU.Build.0 = Debug|Any CPU
		{89604D85-8A5F-4028-9585-2E537629F1A2}.Release|Any CPU.ActiveCfg = Release|Any CPU
		{89604D85-8A5F-4028-9585-2E537629F1A2}.Release|Any CPU.Build.0 = Release|Any CPU
		{429D83DC-5920-43A8-BA0C-F1E96485D84C}.Debug|Any CPU.ActiveCfg = Debug|Any CPU
		{429D83DC-5920-43A8-BA0C-F1E96485D84C}.Debug|Any CPU.Build.0 = Debug|Any CPU
		{429D83DC-5920-43A8-BA0C-F1E96485D84C}.Release|Any CPU.ActiveCfg = Release|Any CPU
		{429D83DC-5920-43A8-BA0C-F1E96485D84C}.Release|Any CPU.Build.0 = Release|Any CPU
		{FB08245B-937A-4241-8476-FBECBDA32647}.Debug|Any CPU.ActiveCfg = Debug|Any CPU
		{FB08245B-937A-4241-8476-FBECBDA32647}.Debug|Any CPU.Build.0 = Debug|Any CPU
		{FB08245B-937A-4241-8476-FBECBDA32647}.Release|Any CPU.ActiveCfg = Release|Any CPU
		{FB08245B-937A-4241-8476-FBECBDA32647}.Release|Any CPU.Build.0 = Release|Any CPU
		{7FE13EE9-D2EE-420C-9907-FA4C762A81B6}.Debug|Any CPU.ActiveCfg = Debug|Any CPU
		{7FE13EE9-D2EE-420C-9907-FA4C762A81B6}.Debug|Any CPU.Build.0 = Debug|Any CPU
		{7FE13EE9-D2EE-420C-9907-FA4C762A81B6}.Release|Any CPU.ActiveCfg = Release|Any CPU
		{7FE13EE9-D2EE-420C-9907-FA4C762A81B6}.Release|Any CPU.Build.0 = Release|Any CPU
		{FDDB1596-2EC3-4893-BA27-A1DEC2F2B527}.Debug|Any CPU.ActiveCfg = Debug|Any CPU
		{FDDB1596-2EC3-4893-BA27-A1DEC2F2B527}.Debug|Any CPU.Build.0 = Debug|Any CPU
		{FDDB1596-2EC3-4893-BA27-A1DEC2F2B527}.Release|Any CPU.ActiveCfg = Release|Any CPU
		{FDDB1596-2EC3-4893-BA27-A1DEC2F2B527}.Release|Any CPU.Build.0 = Release|Any CPU
		{12DD928D-4763-41B0-AADF-509EF3D08594}.Debug|Any CPU.ActiveCfg = Debug|Any CPU
		{12DD928D-4763-41B0-AADF-509EF3D08594}.Debug|Any CPU.Build.0 = Debug|Any CPU
		{12DD928D-4763-41B0-AADF-509EF3D08594}.Release|Any CPU.ActiveCfg = Release|Any CPU
		{12DD928D-4763-41B0-AADF-509EF3D08594}.Release|Any CPU.Build.0 = Release|Any CPU
		{D40BE9E4-D49B-45E9-97EE-0EA243707363}.Debug|Any CPU.ActiveCfg = Debug|Any CPU
		{D40BE9E4-D49B-45E9-97EE-0EA243707363}.Debug|Any CPU.Build.0 = Debug|Any CPU
		{D40BE9E4-D49B-45E9-97EE-0EA243707363}.Release|Any CPU.ActiveCfg = Release|Any CPU
		{D40BE9E4-D49B-45E9-97EE-0EA243707363}.Release|Any CPU.Build.0 = Release|Any CPU
		{22216E3D-2951-4C1C-BBF2-4F71F6425E53}.Debug|Any CPU.ActiveCfg = Debug|Any CPU
		{22216E3D-2951-4C1C-BBF2-4F71F6425E53}.Debug|Any CPU.Build.0 = Debug|Any CPU
		{22216E3D-2951-4C1C-BBF2-4F71F6425E53}.Release|Any CPU.ActiveCfg = Release|Any CPU
		{22216E3D-2951-4C1C-BBF2-4F71F6425E53}.Release|Any CPU.Build.0 = Release|Any CPU
		{F6F3283A-C665-46D7-AECC-D716DEA10EF9}.Debug|Any CPU.ActiveCfg = Debug|Any CPU
		{F6F3283A-C665-46D7-AECC-D716DEA10EF9}.Debug|Any CPU.Build.0 = Debug|Any CPU
		{F6F3283A-C665-46D7-AECC-D716DEA10EF9}.Release|Any CPU.ActiveCfg = Release|Any CPU
		{F6F3283A-C665-46D7-AECC-D716DEA10EF9}.Release|Any CPU.Build.0 = Release|Any CPU
	EndGlobalSection
	GlobalSection(SolutionProperties) = preSolution
		HideSolutionNode = FALSE
	EndGlobalSection
	GlobalSection(ExtensibilityGlobals) = postSolution
		SolutionGuid = {9D2F6A07-8D6F-4461-9B78-BB6FB03F99B8}
	EndGlobalSection
EndGlobal
